// !$*UTF8*$!
{ archiveVersion = 1; classes = {}; objectVersion = 56; objects = {
F7BF3564DCC322C0BB868835 = { isa = PBXFileReference; lastKnownFileType = sourcecode.swift; path = "App/App/AppState+PhotoActions.swift"; sourceTree = SOURCE_ROOT; };
6A784C2EDF68425F0BF7E0AB = { isa = PBXBuildFile; fileRef = F7BF3564DCC322C0BB868835; };
5FE07DD8E328B2F353B0C187 = { isa = PBXFileReference; lastKnownFileType = sourcecode.swift; path = "App/App/AppState.swift"; sourceTree = SOURCE_ROOT; };
A0B725428853DD42C4AA11CE = { isa = PBXBuildFile; fileRef = 5FE07DD8E328B2F353B0C187; };
24F35C6379A40EA33FF703A5 = { isa = PBXFileReference; lastKnownFileType = sourcecode.swift; path = "App/App/TravelMemoryApp.swift"; sourceTree = SOURCE_ROOT; };
CC707F11C46EA7B23146EA7D = { isa = PBXBuildFile; fileRef = 24F35C6379A40EA33FF703A5; };
4DE372F7A9A18E22E851EA45 = { isa = PBXFileReference; lastKnownFileType = sourcecode.swift; path = "App/Features/Map/ChinaMapView.swift"; sourceTree = SOURCE_ROOT; };
37C2EBC825BEF51873B590FE = { isa = PBXBuildFile; fileRef = 4DE372F7A9A18E22E851EA45; };
B1E530785ADED4AB91BD5DB3 = { isa = PBXFileReference; lastKnownFileType = sourcecode.swift; path = "App/Features/Map/MapPickerView.swift"; sourceTree = SOURCE_ROOT; };
38FF8184D986FFC42CECCB94 = { isa = PBXBuildFile; fileRef = B1E530785ADED4AB91BD5DB3; };
7794EB1B05DDD846B8F0464F = { isa = PBXFileReference; lastKnownFileType = sourcecode.swift; path = "App/Features/Map/MapProjection.swift"; sourceTree = SOURCE_ROOT; };
4949D1B7A6B13A96333754C3 = { isa = PBXBuildFile; fileRef = 7794EB1B05DDD846B8F0464F; };
4C219078C89CC339257A70FE = { isa = PBXFileReference; lastKnownFileType = sourcecode.swift; path = "App/Features/Map/MapScreen.swift"; sourceTree = SOURCE_ROOT; };
8092FFB7778268FC4FA1754E = { isa = PBXBuildFile; fileRef = 4C219078C89CC339257A70FE; };
55B4496229D388A76D67B43C = { isa = PBXFileReference; lastKnownFileType = sourcecode.swift; path = "App/Features/Map/MapViewModel.swift"; sourceTree = SOURCE_ROOT; };
BF175A3BA1268D1EF64ED920 = { isa = PBXBuildFile; fileRef = 55B4496229D388A76D67B43C; };
094260254F49C9CB39B025A1 = { isa = PBXFileReference; lastKnownFileType = sourcecode.swift; path = "App/Features/Map/ProvinceRenderer.swift"; sourceTree = SOURCE_ROOT; };
33473FB62C4A4AD57E7B6000 = { isa = PBXBuildFile; fileRef = 094260254F49C9CB39B025A1; };
9ED3C4EC6DEF3EBFC951AFDE = { isa = PBXFileReference; lastKnownFileType = sourcecode.swift; path = "App/Features/Notes/ProvinceNoteView.swift"; sourceTree = SOURCE_ROOT; };
54A01E15A42913AF0AC7E1AC = { isa = PBXBuildFile; fileRef = 9ED3C4EC6DEF3EBFC951AFDE; };
056CD5838BBFB357416E7689 = { isa = PBXFileReference; lastKnownFileType = sourcecode.swift; path = "App/Features/Photos/OnboardingView.swift"; sourceTree = SOURCE_ROOT; };
FB1C87F410687305848C731C = { isa = PBXBuildFile; fileRef = 056CD5838BBFB357416E7689; };
58B7F35591C02E36B569287B = { isa = PBXFileReference; lastKnownFileType = sourcecode.swift; path = "App/Features/Photos/PendingPhotosView.swift"; sourceTree = SOURCE_ROOT; };
F106E4DA234920373352D2FD = { isa = PBXBuildFile; fileRef = 58B7F35591C02E36B569287B; };
EB1F76B1DEFDFFE801F96485 = { isa = PBXFileReference; lastKnownFileType = sourcecode.swift; path = "App/Features/Photos/PhotoThumbnailView.swift"; sourceTree = SOURCE_ROOT; };
9B6EC99F392367C0D33F6FE0 = { isa = PBXBuildFile; fileRef = EB1F76B1DEFDFFE801F96485; };
B3E7F52C9ECA55B19D62969E = { isa = PBXFileReference; lastKnownFileType = sourcecode.swift; path = "App/Features/Photos/PhotoViewer.swift"; sourceTree = SOURCE_ROOT; };
07446B7D63FB954EA9A4B9F2 = { isa = PBXBuildFile; fileRef = B3E7F52C9ECA55B19D62969E; };
7C1C083D7B198B2CCD16B179 = { isa = PBXFileReference; lastKnownFileType = sourcecode.swift; path = "App/Features/Photos/ProvincePhotosView.swift"; sourceTree = SOURCE_ROOT; };
49A397A245BAF90F73B00565 = { isa = PBXBuildFile; fileRef = 7C1C083D7B198B2CCD16B179; };
D707E58CD7F49794CBDD7ECD = { isa = PBXFileReference; lastKnownFileType = sourcecode.swift; path = "App/Features/Province/ProvinceInfoProvider.swift"; sourceTree = SOURCE_ROOT; };
9501E4ADE4FBBA450A385809 = { isa = PBXBuildFile; fileRef = D707E58CD7F49794CBDD7ECD; };
AAB09522ED1B7AA855A9D03C = { isa = PBXFileReference; lastKnownFileType = sourcecode.swift; path = "App/Features/Province/ProvincePicker.swift"; sourceTree = SOURCE_ROOT; };
CA0CDF57E292BEA15F9093B0 = { isa = PBXBuildFile; fileRef = AAB09522ED1B7AA855A9D03C; };
EF5AB68D9E6F1ED35560B882 = { isa = PBXFileReference; lastKnownFileType = sourcecode.swift; path = "App/Features/Province/ProvinceSheet.swift"; sourceTree = SOURCE_ROOT; };
D6A1EE129FC306DF8978D9B9 = { isa = PBXBuildFile; fileRef = EF5AB68D9E6F1ED35560B882; };
6960938CBC127C205367FCAC = { isa = PBXFileReference; lastKnownFileType = sourcecode.swift; path = "App/Features/Settings/SettingsView.swift"; sourceTree = SOURCE_ROOT; };
9F7C50F037841238B5EEBBCC = { isa = PBXBuildFile; fileRef = 6960938CBC127C205367FCAC; };
9B8E423352D7D40EE9DB848A = { isa = PBXFileReference; lastKnownFileType = sourcecode.swift; path = "App/Models/AppSettings.swift"; sourceTree = SOURCE_ROOT; };
00E15BAEBE3BAA904EC0CD81 = { isa = PBXBuildFile; fileRef = 9B8E423352D7D40EE9DB848A; };
A68A3295B1F4E7EBDA6FFBCD = { isa = PBXFileReference; lastKnownFileType = sourcecode.swift; path = "App/Models/PhotoRecord.swift"; sourceTree = SOURCE_ROOT; };
D5B3F6597ED2053B7E9055ED = { isa = PBXBuildFile; fileRef = A68A3295B1F4E7EBDA6FFBCD; };
B31AC3FA650C9942042D05F9 = { isa = PBXFileReference; lastKnownFileType = sourcecode.swift; path = "App/Models/PhotoSortMode.swift"; sourceTree = SOURCE_ROOT; };
1585B859DF5AEA2E1244B628 = { isa = PBXBuildFile; fileRef = B31AC3FA650C9942042D05F9; };
0CB45407E0530B864BE6E73F = { isa = PBXFileReference; lastKnownFileType = sourcecode.swift; path = "App/Models/ProvinceRecord.swift"; sourceTree = SOURCE_ROOT; };
70C065B4B09422D09C7C6AA1 = { isa = PBXBuildFile; fileRef = 0CB45407E0530B864BE6E73F; };
94DE1A20F3434425B6644B73 = { isa = PBXFileReference; lastKnownFileType = sourcecode.swift; path = "App/Models/Snapshots.swift"; sourceTree = SOURCE_ROOT; };
7224BD93F1DA883E5CD6DC0F = { isa = PBXBuildFile; fileRef = 94DE1A20F3434425B6644B73; };
007210ECC5B8B1C8753C7A83 = { isa = PBXFileReference; lastKnownFileType = sourcecode.swift; path = "App/Persistence/DataStore+Maintenance.swift"; sourceTree = SOURCE_ROOT; };
F69D12FC35E7455F5F6173F2 = { isa = PBXBuildFile; fileRef = 007210ECC5B8B1C8753C7A83; };
7D336235D3B473EE65BC5608 = { isa = PBXFileReference; lastKnownFileType = sourcecode.swift; path = "App/Persistence/DataStore+Photos.swift"; sourceTree = SOURCE_ROOT; };
F71E37FE33CDB557E92FBC5E = { isa = PBXBuildFile; fileRef = 7D336235D3B473EE65BC5608; };
5F0BBF8167BF0D6D9BCD085B = { isa = PBXFileReference; lastKnownFileType = sourcecode.swift; path = "App/Persistence/DataStore.swift"; sourceTree = SOURCE_ROOT; };
90FB2592FE52BF9B6FC5AB6F = { isa = PBXBuildFile; fileRef = 5F0BBF8167BF0D6D9BCD085B; };
2086D17E714F2DB52C8F65D9 = { isa = PBXFileReference; lastKnownFileType = sourcecode.swift; path = "App/Preview/PreviewSamples.swift"; sourceTree = SOURCE_ROOT; };
5ABEB818EBEF23BFFD67BD34 = { isa = PBXBuildFile; fileRef = 2086D17E714F2DB52C8F65D9; };
5E7306A69FD58AB919BAFFCC = { isa = PBXFileReference; lastKnownFileType = sourcecode.swift; path = "App/Services/Photos/GeoMatcher+CoreLocation.swift"; sourceTree = SOURCE_ROOT; };
3070DB02AD53882437D7D9DE = { isa = PBXBuildFile; fileRef = 5E7306A69FD58AB919BAFFCC; };
234D635C9C4C35591A9F22B4 = { isa = PBXFileReference; lastKnownFileType = sourcecode.swift; path = "App/Services/Photos/ImportedFileStore.swift"; sourceTree = SOURCE_ROOT; };
CBAAB316FB1C03F82332957E = { isa = PBXBuildFile; fileRef = 234D635C9C4C35591A9F22B4; };
5BEADD2E3A483B5C7A1A27BF = { isa = PBXFileReference; lastKnownFileType = sourcecode.swift; path = "App/Services/Photos/PhotoAuthorizationService.swift"; sourceTree = SOURCE_ROOT; };
A92A1C4649C335493F3F9674 = { isa = PBXBuildFile; fileRef = 5BEADD2E3A483B5C7A1A27BF; };
E77B0225B98B587B8E5DA2E3 = { isa = PBXFileReference; lastKnownFileType = sourcecode.swift; path = "App/Services/Photos/PhotoLibraryObserver.swift"; sourceTree = SOURCE_ROOT; };
56AE8750AC7547DBF9B1D492 = { isa = PBXBuildFile; fileRef = E77B0225B98B587B8E5DA2E3; };
18A0092B7C0ED5B45FABAD80 = { isa = PBXFileReference; lastKnownFileType = sourcecode.swift; path = "App/Services/Photos/PhotoLibraryService.swift"; sourceTree = SOURCE_ROOT; };
1678E1640667AA29D04E86FB = { isa = PBXBuildFile; fileRef = 18A0092B7C0ED5B45FABAD80; };
21C64825E2229B2443F1C29D = { isa = PBXFileReference; lastKnownFileType = sourcecode.swift; path = "App/Services/Photos/PhotoScanner.swift"; sourceTree = SOURCE_ROOT; };
A9820CA0871E85A226416FBF = { isa = PBXBuildFile; fileRef = 21C64825E2229B2443F1C29D; };
BCA3BC7D2E9AE4F12FAF97BC = { isa = PBXFileReference; lastKnownFileType = sourcecode.swift; path = "App/Theme/ThemeDefinition.swift"; sourceTree = SOURCE_ROOT; };
1EB3A1FC1572971A751F7C47 = { isa = PBXBuildFile; fileRef = BCA3BC7D2E9AE4F12FAF97BC; };
4039B343ACFEAA7A9F64E78D = { isa = PBXFileReference; lastKnownFileType = sourcecode.swift; path = "Core/GeoMatcher.swift"; sourceTree = SOURCE_ROOT; };
B2789CCB7197D3ED67DBB70C = { isa = PBXBuildFile; fileRef = 4039B343ACFEAA7A9F64E78D; };
E4517252607D51A3DA0041E7 = { isa = PBXFileReference; lastKnownFileType = sourcecode.swift; path = "Core/Geometry.swift"; sourceTree = SOURCE_ROOT; };
9FDC2482B27252D113E5254A = { isa = PBXBuildFile; fileRef = E4517252607D51A3DA0041E7; };
DFE92AA834AEF50E4924D40D = { isa = PBXFileReference; lastKnownFileType = sourcecode.swift; path = "Core/Localization.swift"; sourceTree = SOURCE_ROOT; };
4B2BD92F89AEF8DD2B3A522F = { isa = PBXBuildFile; fileRef = DFE92AA834AEF50E4924D40D; };
1515916EE89DA95039E315DA = { isa = PBXFileReference; lastKnownFileType = sourcecode.swift; path = "Core/LongitudeWindow.swift"; sourceTree = SOURCE_ROOT; };
4C11FD31BDE89ABD2929D674 = { isa = PBXBuildFile; fileRef = 1515916EE89DA95039E315DA; };
2A9DE290731F44348E222465 = { isa = PBXFileReference; lastKnownFileType = sourcecode.swift; path = "Core/MapGeometryLoader.swift"; sourceTree = SOURCE_ROOT; };
3D27F8EE989D71AB7DC161A5 = { isa = PBXBuildFile; fileRef = 2A9DE290731F44348E222465; };
DB4C74FBCE65EBEC8B08587E = { isa = PBXFileReference; lastKnownFileType = sourcecode.swift; path = "Core/PhotoMetadata.swift"; sourceTree = SOURCE_ROOT; };
F71299815F298A8DBFA265B3 = { isa = PBXBuildFile; fileRef = DB4C74FBCE65EBEC8B08587E; };
FA5E06C23B8798D0CC2214B9 = { isa = PBXFileReference; lastKnownFileType = sourcecode.swift; path = "Core/PhotoSyncPolicy.swift"; sourceTree = SOURCE_ROOT; };
AB56514D55AA12D28D9D0201 = { isa = PBXBuildFile; fileRef = FA5E06C23B8798D0CC2214B9; };
50D0E5C60A416A09D4072172 = { isa = PBXFileReference; lastKnownFileType = sourcecode.swift; path = "Core/WorldAtlas.swift"; sourceTree = SOURCE_ROOT; };
792D61880CB5615A6B8B71E4 = { isa = PBXBuildFile; fileRef = 50D0E5C60A416A09D4072172; };
26F866E698E2F63DD2B011DA = { isa = PBXFileReference; lastKnownFileType = sourcecode.swift; path = "Tests/GeoJSONLoaderTests.swift"; sourceTree = SOURCE_ROOT; };
6AFF5106BDBD9DF9C36BEB3B = { isa = PBXBuildFile; fileRef = 26F866E698E2F63DD2B011DA; };
C885573288241DF59F0AA297 = { isa = PBXFileReference; lastKnownFileType = sourcecode.swift; path = "Tests/GeoMatcherTests.swift"; sourceTree = SOURCE_ROOT; };
971C7C054970E16613EDB465 = { isa = PBXBuildFile; fileRef = C885573288241DF59F0AA297; };
15C5F967E5F6AC0583D2984B = { isa = PBXFileReference; lastKnownFileType = sourcecode.swift; path = "Tests/PersistenceIntegrationTests.swift"; sourceTree = SOURCE_ROOT; };
9C0519A85CA3B5B8ED82E342 = { isa = PBXBuildFile; fileRef = 15C5F967E5F6AC0583D2984B; };
61B54C9511204213F3E68761 = { isa = PBXFileReference; lastKnownFileType = sourcecode.swift; path = "Tests/PhotoSyncTests.swift"; sourceTree = SOURCE_ROOT; };
5017D0D1A489BDF07F23CE39 = { isa = PBXBuildFile; fileRef = 61B54C9511204213F3E68761; };
7A854C3398299AD5FF64C2AC = { isa = PBXFileReference; lastKnownFileType = sourcecode.swift; path = "Tests/PointInPolygonTests.swift"; sourceTree = SOURCE_ROOT; };
E57C387197048814D17EB4BB = { isa = PBXBuildFile; fileRef = 7A854C3398299AD5FF64C2AC; };
025B2A9FBD0A12F9665521F4 = { isa = PBXFileReference; lastKnownFileType = sourcecode.swift; path = "Tests/WorldAtlasTests.swift"; sourceTree = SOURCE_ROOT; };
34965822D0D29EB8DF8B7136 = { isa = PBXBuildFile; fileRef = 025B2A9FBD0A12F9665521F4; };
FCBE51D01EC45459A41A454E = { isa = PBXFileReference; lastKnownFileType = sourcecode.swift; path = "Tests/WorldResourceIntegrationTests.swift"; sourceTree = SOURCE_ROOT; };
2C7A9B6E171B3EF6DCAB254C = { isa = PBXBuildFile; fileRef = FCBE51D01EC45459A41A454E; };
C19F3467DA70DFA93A249DB5 = { isa = PBXFileReference; lastKnownFileType = folder; path = "App/Resources/ar.lproj"; sourceTree = SOURCE_ROOT; };
8A645B5D35F3A8096C1F29C6 = { isa = PBXBuildFile; fileRef = C19F3467DA70DFA93A249DB5; };
EFEC72AA90262DD9849E83DC = { isa = PBXFileReference; lastKnownFileType = folder; path = "App/Resources/de.lproj"; sourceTree = SOURCE_ROOT; };
9E0633AD4204DC166EA05444 = { isa = PBXBuildFile; fileRef = EFEC72AA90262DD9849E83DC; };
F94B0FDAE311879FCEB895DF = { isa = PBXFileReference; lastKnownFileType = folder; path = "App/Resources/en.lproj"; sourceTree = SOURCE_ROOT; };
05BDB9DF2408825899869AC0 = { isa = PBXBuildFile; fileRef = F94B0FDAE311879FCEB895DF; };
C66F9945FC644FFC0DDEF458 = { isa = PBXFileReference; lastKnownFileType = folder; path = "App/Resources/es.lproj"; sourceTree = SOURCE_ROOT; };
85C4860A6C326F2923645237 = { isa = PBXBuildFile; fileRef = C66F9945FC644FFC0DDEF458; };
5B7DBCB5F4FED2D71FDE885F = { isa = PBXFileReference; lastKnownFileType = folder; path = "App/Resources/fr.lproj"; sourceTree = SOURCE_ROOT; };
3FB4ABDD303EBA3CCB276028 = { isa = PBXBuildFile; fileRef = 5B7DBCB5F4FED2D71FDE885F; };
01CF392E59A4A7BB1056EB7D = { isa = PBXFileReference; lastKnownFileType = folder; path = "App/Resources/ja.lproj"; sourceTree = SOURCE_ROOT; };
99879E14EB03ACABF202E5D0 = { isa = PBXBuildFile; fileRef = 01CF392E59A4A7BB1056EB7D; };
AA9F4D3AB7297227ED0CADB0 = { isa = PBXFileReference; lastKnownFileType = folder; path = "App/Resources/ko.lproj"; sourceTree = SOURCE_ROOT; };
62B8723D74D3F17382F3A22B = { isa = PBXBuildFile; fileRef = AA9F4D3AB7297227ED0CADB0; };
554EC78480D5F4E31D6A56EE = { isa = PBXFileReference; lastKnownFileType = text; path = "App/Resources/Map/china_provinces.geojson"; sourceTree = SOURCE_ROOT; };
EDBAE3FE3ADC41229FBAE850 = { isa = PBXBuildFile; fileRef = 554EC78480D5F4E31D6A56EE; };
DA87884DA335777755D31566 = { isa = PBXFileReference; lastKnownFileType = text; path = "App/Resources/Map/world_countries.geojson"; sourceTree = SOURCE_ROOT; };
3DCA22AC168B3006776BED4A = { isa = PBXBuildFile; fileRef = DA87884DA335777755D31566; };
674F8E35CA24FA09923C518F = { isa = PBXFileReference; lastKnownFileType = text; path = "App/Resources/Map/world_regions.geojson"; sourceTree = SOURCE_ROOT; };
A29A9C5C56E7A212F3F24002 = { isa = PBXBuildFile; fileRef = 674F8E35CA24FA09923C518F; };
6CEB468D8795D500F75EC88F = { isa = PBXFileReference; lastKnownFileType = text; path = "App/Resources/PrivacyInfo.xcprivacy"; sourceTree = SOURCE_ROOT; };
A1FE59B8CD7198E92E4EE5AC = { isa = PBXBuildFile; fileRef = 6CEB468D8795D500F75EC88F; };
C29C8E8E424443A3FC10AA7C = { isa = PBXFileReference; lastKnownFileType = folder; path = "App/Resources/pt.lproj"; sourceTree = SOURCE_ROOT; };
F6BDECB3B61EE0C3F0BE8C6A = { isa = PBXBuildFile; fileRef = C29C8E8E424443A3FC10AA7C; };
10648A8A3FE8AA1F750184D3 = { isa = PBXFileReference; lastKnownFileType = text; path = "App/Resources/THIRD_PARTY_NOTICES.md"; sourceTree = SOURCE_ROOT; };
BCF13349614B1F81CD04FFEF = { isa = PBXBuildFile; fileRef = 10648A8A3FE8AA1F750184D3; };
4D8720C9C405AC62FAECD39B = { isa = PBXFileReference; lastKnownFileType = text; path = "App/Resources/Translations.json"; sourceTree = SOURCE_ROOT; };
A59BD042A1BC297A28601C3A = { isa = PBXBuildFile; fileRef = 4D8720C9C405AC62FAECD39B; };
431DDA1F3ACF6407E4FA663C = { isa = PBXFileReference; lastKnownFileType = folder; path = "App/Resources/zh-Hans.lproj"; sourceTree = SOURCE_ROOT; };
61B2530D96C141DB723AC912 = { isa = PBXBuildFile; fileRef = 431DDA1F3ACF6407E4FA663C; };
9E35E2830FB6FDB57EC1E6B3 = { isa = PBXFileReference; lastKnownFileType = folder; path = "App/Resources/zh-Hant.lproj"; sourceTree = SOURCE_ROOT; };
A73DF17DFC982C83AE6E1959 = { isa = PBXBuildFile; fileRef = 9E35E2830FB6FDB57EC1E6B3; };
7A5CCB0147A1F44705D7DBD4 = { isa = PBXFileReference; lastKnownFileType = folder.assetcatalog; path = "App/Assets.xcassets"; sourceTree = SOURCE_ROOT; };
B70D2F1FAED795B3B7353E70 = { isa = PBXBuildFile; fileRef = 7A5CCB0147A1F44705D7DBD4; };
2FF883F1BE8C99AD35FBA10F = { isa = PBXFileReference; explicitFileType = wrapper.application; path = TravelMemory.app; sourceTree = BUILT_PRODUCTS_DIR; };
6E955F9F9B192DAADA09E0B8 = { isa = PBXFileReference; explicitFileType = wrapper.cfbundle; path = TravelMemoryTests.xctest; sourceTree = BUILT_PRODUCTS_DIR; };
FBDC4F23F93125BBEEAE800C = { isa = PBXGroup; name = Products; children = (2FF883F1BE8C99AD35FBA10F, 6E955F9F9B192DAADA09E0B8,); sourceTree = "<group>"; };
B28B7AF69320201D1CF206EB = { isa = PBXGroup; children = (F7BF3564DCC322C0BB868835, 5FE07DD8E328B2F353B0C187, 24F35C6379A40EA33FF703A5, 4DE372F7A9A18E22E851EA45, B1E530785ADED4AB91BD5DB3, 7794EB1B05DDD846B8F0464F, 4C219078C89CC339257A70FE, 55B4496229D388A76D67B43C, 094260254F49C9CB39B025A1, 9ED3C4EC6DEF3EBFC951AFDE, 056CD5838BBFB357416E7689, 58B7F35591C02E36B569287B, EB1F76B1DEFDFFE801F96485, B3E7F52C9ECA55B19D62969E, 7C1C083D7B198B2CCD16B179, D707E58CD7F49794CBDD7ECD, AAB09522ED1B7AA855A9D03C, EF5AB68D9E6F1ED35560B882, 6960938CBC127C205367FCAC, 9B8E423352D7D40EE9DB848A, A68A3295B1F4E7EBDA6FFBCD, B31AC3FA650C9942042D05F9, 0CB45407E0530B864BE6E73F, 94DE1A20F3434425B6644B73, 007210ECC5B8B1C8753C7A83, 7D336235D3B473EE65BC5608, 5F0BBF8167BF0D6D9BCD085B, 2086D17E714F2DB52C8F65D9, 5E7306A69FD58AB919BAFFCC, 234D635C9C4C35591A9F22B4, 5BEADD2E3A483B5C7A1A27BF, E77B0225B98B587B8E5DA2E3, 18A0092B7C0ED5B45FABAD80, 21C64825E2229B2443F1C29D, BCA3BC7D2E9AE4F12FAF97BC, 4039B343ACFEAA7A9F64E78D, E4517252607D51A3DA0041E7, DFE92AA834AEF50E4924D40D, 1515916EE89DA95039E315DA, 2A9DE290731F44348E222465, DB4C74FBCE65EBEC8B08587E, FA5E06C23B8798D0CC2214B9, 50D0E5C60A416A09D4072172, 26F866E698E2F63DD2B011DA, C885573288241DF59F0AA297, 15C5F967E5F6AC0583D2984B, 61B54C9511204213F3E68761, 7A854C3398299AD5FF64C2AC, 025B2A9FBD0A12F9665521F4, FCBE51D01EC45459A41A454E, C19F3467DA70DFA93A249DB5, EFEC72AA90262DD9849E83DC, F94B0FDAE311879FCEB895DF, C66F9945FC644FFC0DDEF458, 5B7DBCB5F4FED2D71FDE885F, 01CF392E59A4A7BB1056EB7D, AA9F4D3AB7297227ED0CADB0, 554EC78480D5F4E31D6A56EE, DA87884DA335777755D31566, 674F8E35CA24FA09923C518F, 6CEB468D8795D500F75EC88F, C29C8E8E424443A3FC10AA7C, 10648A8A3FE8AA1F750184D3, 4D8720C9C405AC62FAECD39B, 431DDA1F3ACF6407E4FA663C, 9E35E2830FB6FDB57EC1E6B3, 7A5CCB0147A1F44705D7DBD4, FBDC4F23F93125BBEEAE800C,); sourceTree = "<group>"; };
BCE16DD0260827ECF338C787 = { isa = PBXSourcesBuildPhase; buildActionMask = 2147483647; files = (6A784C2EDF68425F0BF7E0AB, A0B725428853DD42C4AA11CE, CC707F11C46EA7B23146EA7D, 37C2EBC825BEF51873B590FE, 38FF8184D986FFC42CECCB94, 4949D1B7A6B13A96333754C3, 8092FFB7778268FC4FA1754E, BF175A3BA1268D1EF64ED920, 33473FB62C4A4AD57E7B6000, 54A01E15A42913AF0AC7E1AC, FB1C87F410687305848C731C, F106E4DA234920373352D2FD, 9B6EC99F392367C0D33F6FE0, 07446B7D63FB954EA9A4B9F2, 49A397A245BAF90F73B00565, 9501E4ADE4FBBA450A385809, CA0CDF57E292BEA15F9093B0, D6A1EE129FC306DF8978D9B9, 9F7C50F037841238B5EEBBCC, 00E15BAEBE3BAA904EC0CD81, D5B3F6597ED2053B7E9055ED, 1585B859DF5AEA2E1244B628, 70C065B4B09422D09C7C6AA1, 7224BD93F1DA883E5CD6DC0F, F69D12FC35E7455F5F6173F2, F71E37FE33CDB557E92FBC5E, 90FB2592FE52BF9B6FC5AB6F, 5ABEB818EBEF23BFFD67BD34, 3070DB02AD53882437D7D9DE, CBAAB316FB1C03F82332957E, A92A1C4649C335493F3F9674, 56AE8750AC7547DBF9B1D492, 1678E1640667AA29D04E86FB, A9820CA0871E85A226416FBF, 1EB3A1FC1572971A751F7C47, B2789CCB7197D3ED67DBB70C, 9FDC2482B27252D113E5254A, 4B2BD92F89AEF8DD2B3A522F, 4C11FD31BDE89ABD2929D674, 3D27F8EE989D71AB7DC161A5, F71299815F298A8DBFA265B3, AB56514D55AA12D28D9D0201, 792D61880CB5615A6B8B71E4,); runOnlyForDeploymentPostprocessing = 0; };
6E431EB0650617AA1756B320 = { isa = PBXSourcesBuildPhase; buildActionMask = 2147483647; files = (6AFF5106BDBD9DF9C36BEB3B, 971C7C054970E16613EDB465, 9C0519A85CA3B5B8ED82E342, 5017D0D1A489BDF07F23CE39, E57C387197048814D17EB4BB, 34965822D0D29EB8DF8B7136, 2C7A9B6E171B3EF6DCAB254C,); runOnlyForDeploymentPostprocessing = 0; };
0189424A5A60FED329FA868E = { isa = PBXResourcesBuildPhase; buildActionMask = 2147483647; files = (8A645B5D35F3A8096C1F29C6, 9E0633AD4204DC166EA05444, 05BDB9DF2408825899869AC0, 85C4860A6C326F2923645237, 3FB4ABDD303EBA3CCB276028, 99879E14EB03ACABF202E5D0, 62B8723D74D3F17382F3A22B, EDBAE3FE3ADC41229FBAE850, 3DCA22AC168B3006776BED4A, A29A9C5C56E7A212F3F24002, A1FE59B8CD7198E92E4EE5AC, F6BDECB3B61EE0C3F0BE8C6A, BCF13349614B1F81CD04FFEF, A59BD042A1BC297A28601C3A, 61B2530D96C141DB723AC912, A73DF17DFC982C83AE6E1959, B70D2F1FAED795B3B7353E70,); runOnlyForDeploymentPostprocessing = 0; };
7561BFB015D8F536760CB671 = { isa = PBXFrameworksBuildPhase; buildActionMask = 2147483647; files = (); runOnlyForDeploymentPostprocessing = 0; };
89E1FD6268CC0F221A2BE178 = { isa = XCBuildConfiguration; name = Debug; buildSettings = { IPHONEOS_DEPLOYMENT_TARGET = "17.0"; SDKROOT = "iphoneos"; SWIFT_VERSION = "5.0"; SWIFT_STRICT_CONCURRENCY = "complete"; CLANG_ENABLE_MODULES = "YES"; TARGETED_DEVICE_FAMILY = "1"; SUPPORTED_PLATFORMS = "iphoneos iphonesimulator"; SUPPORTS_MACCATALYST = "NO"; CODE_SIGN_STYLE = "Automatic"; SWIFT_OPTIMIZATION_LEVEL = "-Onone"; DEBUG_INFORMATION_FORMAT = "dwarf"; SWIFT_ACTIVE_COMPILATION_CONDITIONS = "DEBUG"; ENABLE_TESTABILITY = "YES"; }; };
E6DE6C99132752C914FEF632 = { isa = XCBuildConfiguration; name = Release; buildSettings = { IPHONEOS_DEPLOYMENT_TARGET = "17.0"; SDKROOT = "iphoneos"; SWIFT_VERSION = "5.0"; SWIFT_STRICT_CONCURRENCY = "complete"; CLANG_ENABLE_MODULES = "YES"; TARGETED_DEVICE_FAMILY = "1"; SUPPORTED_PLATFORMS = "iphoneos iphonesimulator"; SUPPORTS_MACCATALYST = "NO"; CODE_SIGN_STYLE = "Automatic"; SWIFT_OPTIMIZATION_LEVEL = "-O"; DEBUG_INFORMATION_FORMAT = "dwarf-with-dsym"; }; };
F8C70E4123C9AE82C42562CC = { isa = XCConfigurationList; buildConfigurations = (89E1FD6268CC0F221A2BE178, E6DE6C99132752C914FEF632,); defaultConfigurationIsVisible = 0; defaultConfigurationName = Release; };
E9B2E96ABC5F6856F2BE79CF = { isa = XCBuildConfiguration; name = Debug; buildSettings = { IPHONEOS_DEPLOYMENT_TARGET = "17.0"; SDKROOT = "iphoneos"; SWIFT_VERSION = "5.0"; SWIFT_STRICT_CONCURRENCY = "complete"; CLANG_ENABLE_MODULES = "YES"; TARGETED_DEVICE_FAMILY = "1"; SUPPORTED_PLATFORMS = "iphoneos iphonesimulator"; SUPPORTS_MACCATALYST = "NO"; CODE_SIGN_STYLE = "Automatic"; SWIFT_OPTIMIZATION_LEVEL = "-Onone"; DEBUG_INFORMATION_FORMAT = "dwarf"; SWIFT_ACTIVE_COMPILATION_CONDITIONS = "DEBUG"; ENABLE_TESTABILITY = "YES"; PRODUCT_NAME = "TravelMemory"; PRODUCT_BUNDLE_IDENTIFIER = "local.personal.travelmemory"; INFOPLIST_FILE = "App/Info.plist"; GENERATE_INFOPLIST_FILE = "NO"; MARKETING_VERSION = "2.0"; CURRENT_PROJECT_VERSION = "1"; LD_RUNPATH_SEARCH_PATHS = "$(inherited) @executable_path/Frameworks"; ASSETCATALOG_COMPILER_APPICON_NAME = "AppIcon"; }; };
5A8C91857F674E16E2724F47 = { isa = XCBuildConfiguration; name = Release; buildSettings = { IPHONEOS_DEPLOYMENT_TARGET = "17.0"; SDKROOT = "iphoneos"; SWIFT_VERSION = "5.0"; SWIFT_STRICT_CONCURRENCY = "complete"; CLANG_ENABLE_MODULES = "YES"; TARGETED_DEVICE_FAMILY = "1"; SUPPORTED_PLATFORMS = "iphoneos iphonesimulator"; SUPPORTS_MACCATALYST = "NO"; CODE_SIGN_STYLE = "Automatic"; SWIFT_OPTIMIZATION_LEVEL = "-O"; DEBUG_INFORMATION_FORMAT = "dwarf-with-dsym"; PRODUCT_NAME = "TravelMemory"; PRODUCT_BUNDLE_IDENTIFIER = "local.personal.travelmemory"; INFOPLIST_FILE = "App/Info.plist"; GENERATE_INFOPLIST_FILE = "NO"; MARKETING_VERSION = "2.0"; CURRENT_PROJECT_VERSION = "1"; LD_RUNPATH_SEARCH_PATHS = "$(inherited) @executable_path/Frameworks"; ASSETCATALOG_COMPILER_APPICON_NAME = "AppIcon"; }; };
DA1189605F4160DBE5714E93 = { isa = XCConfigurationList; buildConfigurations = (E9B2E96ABC5F6856F2BE79CF, 5A8C91857F674E16E2724F47,); defaultConfigurationIsVisible = 0; defaultConfigurationName = Release; };
0F3D67935A4F199E058A017A = { isa = XCBuildConfiguration; name = Debug; buildSettings = { IPHONEOS_DEPLOYMENT_TARGET = "17.0"; SDKROOT = "iphoneos"; SWIFT_VERSION = "5.0"; SWIFT_STRICT_CONCURRENCY = "complete"; CLANG_ENABLE_MODULES = "YES"; TARGETED_DEVICE_FAMILY = "1"; SUPPORTED_PLATFORMS = "iphoneos iphonesimulator"; SUPPORTS_MACCATALYST = "NO"; CODE_SIGN_STYLE = "Automatic"; SWIFT_OPTIMIZATION_LEVEL = "-Onone"; DEBUG_INFORMATION_FORMAT = "dwarf"; SWIFT_ACTIVE_COMPILATION_CONDITIONS = "DEBUG"; ENABLE_TESTABILITY = "YES"; PRODUCT_NAME = "TravelMemoryTests"; PRODUCT_BUNDLE_IDENTIFIER = "local.personal.travelmemory.tests"; GENERATE_INFOPLIST_FILE = "YES"; TEST_HOST = "$(BUILT_PRODUCTS_DIR)/TravelMemory.app/TravelMemory"; BUNDLE_LOADER = "$(TEST_HOST)"; }; };
20B70E15FDC36C625E57F658 = { isa = XCBuildConfiguration; name = Release; buildSettings = { IPHONEOS_DEPLOYMENT_TARGET = "17.0"; SDKROOT = "iphoneos"; SWIFT_VERSION = "5.0"; SWIFT_STRICT_CONCURRENCY = "complete"; CLANG_ENABLE_MODULES = "YES"; TARGETED_DEVICE_FAMILY = "1"; SUPPORTED_PLATFORMS = "iphoneos iphonesimulator"; SUPPORTS_MACCATALYST = "NO"; CODE_SIGN_STYLE = "Automatic"; SWIFT_OPTIMIZATION_LEVEL = "-O"; DEBUG_INFORMATION_FORMAT = "dwarf-with-dsym"; PRODUCT_NAME = "TravelMemoryTests"; PRODUCT_BUNDLE_IDENTIFIER = "local.personal.travelmemory.tests"; GENERATE_INFOPLIST_FILE = "YES"; TEST_HOST = "$(BUILT_PRODUCTS_DIR)/TravelMemory.app/TravelMemory"; BUNDLE_LOADER = "$(TEST_HOST)"; }; };
12B527EF3EF9C4DD757429EA = { isa = XCConfigurationList; buildConfigurations = (0F3D67935A4F199E058A017A, 20B70E15FDC36C625E57F658,); defaultConfigurationIsVisible = 0; defaultConfigurationName = Release; };
D799BAE6088A90139B415FCC = { isa = PBXContainerItemProxy; containerPortal = 98F54143AB4E86B28C3AFEE0; proxyType = 1; remoteGlobalIDString = 7D1043473D55BFA90E8530D3; remoteInfo = TravelMemory; };
DE58E2B17C19600779694943 = { isa = PBXTargetDependency; target = 7D1043473D55BFA90E8530D3; targetProxy = D799BAE6088A90139B415FCC; };
7D1043473D55BFA90E8530D3 = { isa = PBXNativeTarget; buildConfigurationList = DA1189605F4160DBE5714E93; buildPhases = (BCE16DD0260827ECF338C787, 7561BFB015D8F536760CB671, 0189424A5A60FED329FA868E,); buildRules = (); dependencies = (); name = TravelMemory; productName = TravelMemory; productReference = 2FF883F1BE8C99AD35FBA10F; productType = "com.apple.product-type.application"; };
04D13FD0AA6F0197CF2C9990 = { isa = PBXNativeTarget; buildConfigurationList = 12B527EF3EF9C4DD757429EA; buildPhases = (6E431EB0650617AA1756B320,); buildRules = (); dependencies = (DE58E2B17C19600779694943,); name = TravelMemoryTests; productName = TravelMemoryTests; productReference = 6E955F9F9B192DAADA09E0B8; productType = "com.apple.product-type.bundle.unit-test"; };
98F54143AB4E86B28C3AFEE0 = { isa = PBXProject; attributes = { LastUpgradeCheck = 1600; }; buildConfigurationList = F8C70E4123C9AE82C42562CC; compatibilityVersion = "Xcode 14.0"; developmentRegion = "zh-Hans"; hasScannedForEncodings = 0; knownRegions = ("zh-Hans", en, Base); mainGroup = B28B7AF69320201D1CF206EB; productRefGroup = FBDC4F23F93125BBEEAE800C; projectDirPath = ""; projectRoot = ""; targets = (7D1043473D55BFA90E8530D3, 04D13FD0AA6F0197CF2C9990,); };
}; rootObject = 98F54143AB4E86B28C3AFEE0; }
